
Microsoft Visual Studio Solution File, Format Version 12.00
# Visual Studio Version 17
VisualStudioVersion = 17.0.31919.166
MinimumVisualStudioVersion = 10.0.40219.1
Project("{9A19103F-16F7-4668-BE54-9A1E7A4F7556}") = "WebApiBankDashboard", "WebApiPaymentDashBoard\WebApiBankDashboard.csproj", "{485615CB-04F8-4B76-8435-8A327022DDAF}"
EndProject
Project("{9A19103F-16F7-4668-BE54-9A1E7A4F7556}") = "WebApiBankDashboard.Test", "WebApiPayment.Test\WebApiBankDashboard.Test.csproj", "{A837CCCF-9D45-4DF7-BC77-9D1AD1ABCA2D}"
EndProject
Global
	GlobalSection(SolutionConfigurationPlatforms) = preSolution
		Debug|Any CPU = Debug|Any CPU
		Release|Any CPU = Release|Any CPU
	EndGlobalSection
	GlobalSection(ProjectConfigurationPlatforms) = postSolution
		{485615CB-04F8-4B76-8435-8A327022DDAF}.Debug|Any CPU.ActiveCfg = Debug|Any CPU
		{485615CB-04F8-4B76-8435-8A327022DDAF}.Debug|Any CPU.Build.0 = Debug|Any CPU
		{485615CB-04F8-4B76-8435-8A327022DDAF}.Release|Any CPU.ActiveCfg = Release|Any CPU
		{485615CB-04F8-4B76-8435-8A327022DDAF}.Release|Any CPU.Build.0 = Release|Any CPU
		{A837CCCF-9D45-4DF7-BC77-9D1AD1ABCA2D}.Debug|Any CPU.ActiveCfg = Debug|Any CPU
		{A837CCCF-9D45-4DF7-BC77-9D1AD1ABCA2D}.Debug|Any CPU.Build.0 = Debug|Any CPU
		{A837CCCF-9D45-4DF7-BC77-9D1AD1ABCA2D}.Release|Any CPU.ActiveCfg = Release|Any CPU
		{A837CCCF-9D45-4DF7-BC77-9D1AD1ABCA2D}.Release|Any CPU.Build.0 = Release|Any CPU
	EndGlobalSection
	GlobalSection(SolutionProperties) = preSolution
		HideSolutionNode = FALSE
	EndGlobalSection
	GlobalSection(ExtensibilityGlobals) = postSolution
		SolutionGuid = {48DD8947-7B48-4F10-A5F9-7FDF11504610}
	EndGlobalSection
EndGlobal
